
Microsoft Visual Studio Solution File, Format Version 12.00
# Visual Studio Version 17
VisualStudioVersion = 17.11.35327.3
MinimumVisualStudioVersion = 10.0.40219.1
Project("{FAE04EC0-301F-11D3-BF4B-00C04F79EFBC}") = "HospitalMgtSystem", "HospitalMgtSystem\HospitalMgtSystem.csproj", "{EE3FBE99-0272-49E0-88DF-900C0387AEDD}"
EndProject
Global
	GlobalSection(SolutionConfigurationPlatforms) = preSolution
		Debug|Any CPU = Debug|Any CPU
		Release|Any CPU = Release|Any CPU
	EndGlobalSection
	GlobalSection(ProjectConfigurationPlatforms) = postSolution
		{EE3FBE99-0272-49E0-88DF-900C0387AEDD}.Debug|Any CPU.ActiveCfg = Debug|Any CPU
		{EE3FBE99-0272-49E0-88DF-900C0387AEDD}.Debug|Any CPU.Build.0 = Debug|Any CPU
		{EE3FBE99-0272-49E0-88DF-900C0387AEDD}.Release|Any CPU.ActiveCfg = Release|Any CPU
		{EE3FBE99-0272-49E0-88DF-900C0387AEDD}.Release|Any CPU.Build.0 = Release|Any CPU
	EndGlobalSection
	GlobalSection(SolutionProperties) = preSolution
		HideSolutionNode = FALSE
	EndGlobalSection
	GlobalSection(ExtensibilityGlobals) = postSolution
		SolutionGuid = {9707DA50-ADAD-412A-BE81-CC72F00D140D}
	EndGlobalSection
EndGlobal
